// !$*UTF8*$!
{
	archiveVersion = 1;
	classes = {
	};
	objectVersion = 46;
	objects = {

/* Begin PBXBuildFile section */
		1BDE525C1EE4EB76007E81E7 /* AppDelegate.swift in Sources */ = {isa = PBXBuildFile; fileRef = 1BDE525B1EE4EB76007E81E7 /* AppDelegate.swift */; };
		1BDE525E1EE4EB76007E81E7 /* ViewController.swift in Sources */ = {isa = PBXBuildFile; fileRef = 1BDE525D1EE4EB76007E81E7 /* ViewController.swift */; };
		1BDE52611EE4EB76007E81E7 /* Main.storyboard in Resources */ = {isa = PBXBuildFile; fileRef = 1BDE525F1EE4EB76007E81E7 /* Main.storyboard */; };
		1BDE52631EE4EB76007E81E7 /* Assets.xcassets in Resources */ = {isa = PBXBuildFile; fileRef = 1BDE52621EE4EB76007E81E7 /* Assets.xcassets */; };
		1BDE52661EE4EB76007E81E7 /* LaunchScreen.storyboard in Resources */ = {isa = PBXBuildFile; fileRef = 1BDE52641EE4EB76007E81E7 /* LaunchScreen.storyboard */; };
		1BDE52711EE4EB76007E81E7 /* _______Tests.swift in Sources */ = {isa = PBXBuildFile; fileRef = 1BDE52701EE4EB76007E81E7 /* _______Tests.swift */; };
		1BDE527C1EE4EB77007E81E7 /* _______UITests.swift in Sources */ = {isa = PBXBuildFile; fileRef = 1BDE527B1EE4EB77007E81E7 /* _______UITests.swift */; };
/* End PBXBuildFile section */

/* Begin PBXContainerItemProxy section */
		1BDE526D1EE4EB76007E81E7 /* PBXContainerItemProxy */ = {
			isa = PBXContainerItemProxy;
			containerPortal = 1BDE52501EE4EB76007E81E7 /* Project object */;
			proxyType = 1;
			remoteGlobalIDString = 1BDE52571EE4EB76007E81E7;
			remoteInfo = "关于贝塞尔曲线";
		};
		1BDE52781EE4EB77007E81E7 /* PBXContainerItemProxy */ = {
			isa = PBXContainerItemProxy;
			containerPortal = 1BDE52501EE4EB76007E81E7 /* Project object */;
			proxyType = 1;
			remoteGlobalIDString = 1BDE52571EE4EB76007E81E7;
			remoteInfo = "关于贝塞尔曲线";
		};
/* End PBXContainerItemProxy section */

/* Begin PBXFileReference section */
		1BDE52581EE4EB76007E81E7 /* 关于贝塞尔曲线.app */ = {isa = PBXFileReference; explicitFileType = wrapper.application; includeInIndex = 0; path = "关于贝塞尔曲线.app"; sourceTree = BUILT_PRODUCTS_DIR; };
		1BDE525B1EE4EB76007E81E7 /* AppDelegate.swift */ = {isa = PBXFileReference; lastKnownFileType = sourcecode.swift; path = AppDelegate.swift; sourceTree = "<group>"; };
		1BDE525D1EE4EB76007E81E7 /* ViewController.swift */ = {isa = PBXFileReference; lastKnownFileType = sourcecode.swift; path = ViewController.swift; sourceTree = "<group>"; };
		1BDE52601EE4EB76007E81E7 /* Base */ = {isa = PBXFileReference; lastKnownFileType = file.storyboard; name = Base; path = Base.lproj/Main.storyboard; sourceTree = "<group>"; };
		1BDE52621EE4EB76007E81E7 /* Assets.xcassets */ = {isa = PBXFileReference; lastKnownFileType = folder.assetcatalog; path = Assets.xcassets; sourceTree = "<group>"; };
		1BDE52651EE4EB76007E81E7 /* Base */ = {isa = PBXFileReference; lastKnownFileType = file.storyboard; name = Base; path = Base.lproj/LaunchScreen.storyboard; sourceTree = "<group>"; };
		1BDE52671EE4EB76007E81E7 /* Info.plist */ = {isa = PBXFileReference; lastKnownFileType = text.plist.xml; path = Info.plist; sourceTree = "<group>"; };
		1BDE526C1EE4EB76007E81E7 /* 关于贝塞尔曲线Tests.xctest */ = {isa = PBXFileReference; explicitFileType = wrapper.cfbundle; includeInIndex = 0; path = "关于贝塞尔曲线Tests.xctest"; sourceTree = BUILT_PRODUCTS_DIR; };
		1BDE52701EE4EB76007E81E7 /* _______Tests.swift */ = {isa = PBXFileReference; lastKnownFileType = sourcecode.swift; path = "_______Tests.swift"; sourceTree = "<group>"; };
		1BDE52721EE4EB76007E81E7 /* Info.plist */ = {isa = PBXFileReference; lastKnownFileType = text.plist.xml; path = Info.plist; sourceTree = "<group>"; };
		1BDE52771EE4EB77007E81E7 /* 关于贝塞尔曲线UITests.xctest */ = {isa = PBXFileReference; explicitFileType = wrapper.cfbundle; includeInIndex = 0; path = "关于贝塞尔曲线UITests.xctest"; sourceTree = BUILT_PRODUCTS_DIR; };
		1BDE527B1EE4EB77007E81E7 /* _______UITests.swift */ = {isa = PBXFileReference; lastKnownFileType = sourcecode.swift; path = "_______UITests.swift"; sourceTree = "<group>"; };
		1BDE527D1EE4EB77007E81E7 /* Info.plist */ = {isa = PBXFileReference; lastKnownFileType = text.plist.xml; path = Info.plist; sourceTree = "<group>"; };
/* End PBXFileReference section */

/* Begin PBXFrameworksBuildPhase section */
		1BDE52551EE4EB76007E81E7 /* Frameworks */ = {
			isa = PBXFrameworksBuildPhase;
			buildActionMask = 2147483647;
			files = (
			);
			runOnlyForDeploymentPostprocessing = 0;
		};
		1BDE52691EE4EB76007E81E7 /* Frameworks */ = {
			isa = PBXFrameworksBuildPhase;
			buildActionMask = 2147483647;
			files = (
			);
			runOnlyForDeploymentPostprocessing = 0;
		};
		1BDE52741EE4EB77007E81E7 /* Frameworks */ = {
			isa = PBXFrameworksBuildPhase;
			buildActionMask = 2147483647;
			files = (
			);
			runOnlyForDeploymentPostprocessing = 0;
		};
/* End PBXFrameworksBuildPhase section */

/* Begin PBXGroup section */
		1BDE524F1EE4EB76007E81E7 = {
			isa = PBXGroup;
			children = (
				1BDE525A1EE4EB76007E81E7 /* 关于贝塞尔曲线 */,
				1BDE526F1EE4EB76007E81E7 /* 关于贝塞尔曲线Tests */,
				1BDE527A1EE4EB77007E81E7 /* 关于贝塞尔曲线UITests */,
				1BDE52591EE4EB76007E81E7 /* Products */,
			);
			sourceTree = "<group>";
		};
		1BDE52591EE4EB76007E81E7 /* Products */ = {
			isa = PBXGroup;
			children = (
				1BDE52581EE4EB76007E81E7 /* 关于贝塞尔曲线.app */,
				1BDE526C1EE4EB76007E81E7 /* 关于贝塞尔曲线Tests.xctest */,
				1BDE52771EE4EB77007E81E7 /* 关于贝塞尔曲线UITests.xctest */,
			);
			name = Products;
			sourceTree = "<group>";
		};
		1BDE525A1EE4EB76007E81E7 /* 关于贝塞尔曲线 */ = {
			isa = PBXGroup;
			children = (
				1BDE525B1EE4EB76007E81E7 /* AppDelegate.swift */,
				1BDE525D1EE4EB76007E81E7 /* ViewController.swift */,
				1BDE525F1EE4EB76007E81E7 /* Main.storyboard */,
				1BDE52621EE4EB76007E81E7 /* Assets.xcassets */,
				1BDE52641EE4EB76007E81E7 /* LaunchScreen.storyboard */,
				1BDE52671EE4EB76007E81E7 /* Info.plist */,
			);
			path = "关于贝塞尔曲线";
			sourceTree = "<group>";
		};
		1BDE526F1EE4EB76007E81E7 /* 关于贝塞尔曲线Tests */ = {
			isa = PBXGroup;
			children = (
				1BDE52701EE4EB76007E81E7 /* _______Tests.swift */,
				1BDE52721EE4EB76007E81E7 /* Info.plist */,
			);
			path = "关于贝塞尔曲线Tests";
			sourceTree = "<group>";
		};
		1BDE527A1EE4EB77007E81E7 /* 关于贝塞尔曲线UITests */ = {
			isa = PBXGroup;
			children = (
				1BDE527B1EE4EB77007E81E7 /* _______UITests.swift */,
				1BDE527D1EE4EB77007E81E7 /* Info.plist */,
			);
			path = "关于贝塞尔曲线UITests";
			sourceTree = "<group>";
		};
/* End PBXGroup section */

/* Begin PBXNativeTarget section */
		1BDE52571EE4EB76007E81E7 /* 关于贝塞尔曲线 */ = {
			isa = PBXNativeTarget;
			buildConfigurationList = 1BDE52801EE4EB77007E81E7 /* Build configuration list for PBXNativeTarget "关于贝塞尔曲线" */;
			buildPhases = (
				1BDE52541EE4EB76007E81E7 /* Sources */,
				1BDE52551EE4EB76007E81E7 /* Frameworks */,
				1BDE52561EE4EB76007E81E7 /* Resources */,
			);
			buildRules = (
			);
			dependencies = (
			);
			name = "关于贝塞尔曲线";
			productName = "关于贝塞尔曲线";
			productReference = 1BDE52581EE4EB76007E81E7 /* 关于贝塞尔曲线.app */;
			productType = "com.apple.product-type.application";
		};
		1BDE526B1EE4EB76007E81E7 /* 关于贝塞尔曲线Tests */ = {
			isa = PBXNativeTarget;
			buildConfigurationList = 1BDE52831EE4EB77007E81E7 /* Build configuration list for PBXNativeTarget "关于贝塞尔曲线Tests" */;
			buildPhases = (
				1BDE52681EE4EB76007E81E7 /* Sources */,
				1BDE52691EE4EB76007E81E7 /* Frameworks */,
				1BDE526A1EE4EB76007E81E7 /* Resources */,
			);
			buildRules = (
			);
			dependencies = (
				1BDE526E1EE4EB76007E81E7 /* PBXTargetDependency */,
			);
			name = "关于贝塞尔曲线Tests";
			productName = "关于贝塞尔曲线Tests";
			productReference = 1BDE526C1EE4EB76007E81E7 /* 关于贝塞尔曲线Tests.xctest */;
			productType = "com.apple.product-type.bundle.unit-test";
		};
		1BDE52761EE4EB77007E81E7 /* 关于贝塞尔曲线UITests */ = {
			isa = PBXNativeTarget;
			buildConfigurationList = 1BDE52861EE4EB77007E81E7 /* Build configuration list for PBXNativeTarget "关于贝塞尔曲线UITests" */;
			buildPhases = (
				1BDE52731EE4EB77007E81E7 /* Sources */,
				1BDE52741EE4EB77007E81E7 /* Frameworks */,
				1BDE52751EE4EB77007E81E7 /* Resources */,
			);
			buildRules = (
			);
			dependencies = (
				1BDE52791EE4EB77007E81E7 /* PBXTargetDependency */,
			);
			name = "关于贝塞尔曲线UITests";
			productName = "关于贝塞尔曲线UITests";
			productReference = 1BDE52771EE4EB77007E81E7 /* 关于贝塞尔曲线UITests.xctest */;
			productType = "com.apple.product-type.bundle.ui-testing";
		};
/* End PBXNativeTarget section */

/* Begin PBXProject section */
		1BDE52501EE4EB76007E81E7 /* Project object */ = {
			isa = PBXProject;
			attributes = {
				LastSwiftUpdateCheck = 0820;
				LastUpgradeCheck = 0820;
				ORGANIZATIONNAME = besttone;
				TargetAttributes = {
					1BDE52571EE4EB76007E81E7 = {
						CreatedOnToolsVersion = 8.2.1;
						DevelopmentTeam = PD6H97QKA5;
						ProvisioningStyle = Automatic;
					};
					1BDE526B1EE4EB76007E81E7 = {
						CreatedOnToolsVersion = 8.2.1;
						DevelopmentTeam = PD6H97QKA5;
						ProvisioningStyle = Automatic;
						TestTargetID = 1BDE52571EE4EB76007E81E7;
					};
					1BDE52761EE4EB77007E81E7 = {
						CreatedOnToolsVersion = 8.2.1;
						DevelopmentTeam = PD6H97QKA5;
						ProvisioningStyle = Automatic;
						TestTargetID = 1BDE52571EE4EB76007E81E7;
					};
				};
			};
			buildConfigurationList = 1BDE52531EE4EB76007E81E7 /* Build configuration list for PBXProject "关于贝塞尔曲线" */;
			compatibilityVersion = "Xcode 3.2";
			developmentRegion = English;
			hasScannedForEncodings = 0;
			knownRegions = (
				en,
				Base,
			);
			mainGroup = 1BDE524F1EE4EB76007E81E7;
			productRefGroup = 1BDE52591EE4EB76007E81E7 /* Products */;
			projectDirPath = "";
			projectRoot = "";
			targets = (
				1BDE52571EE4EB76007E81E7 /* 关于贝塞尔曲线 */,
				1BDE526B1EE4EB76007E81E7 /* 关于贝塞尔曲线Tests */,
				1BDE52761EE4EB77007E81E7 /* 关于贝塞尔曲线UITests */,
			);
		};
/* End PBXProject section */

/* Begin PBXResourcesBuildPhase section */
		1BDE52561EE4EB76007E81E7 /* Resources */ = {
			isa = PBXResourcesBuildPhase;
			buildActionMask = 2147483647;
			files = (
				1BDE52661EE4EB76007E81E7 /* LaunchScreen.storyboard in Resources */,
				1BDE52631EE4EB76007E81E7 /* Assets.xcassets in Resources */,
				1BDE52611EE4EB76007E81E7 /* Main.storyboard in Resources */,
			);
			runOnlyForDeploymentPostprocessing = 0;
		};
		1BDE526A1EE4EB76007E81E7 /* Resources */ = {
			isa = PBXResourcesBuildPhase;
			buildActionMask = 2147483647;
			files = (
			);
			runOnlyForDeploymentPostprocessing = 0;
		};
		1BDE52751EE4EB77007E81E7 /* Resources */ = {
			isa = PBXResourcesBuildPhase;
			buildActionMask = 2147483647;
			files = (
			);
			runOnlyForDeploymentPostprocessing = 0;
		};
/* End PBXResourcesBuildPhase section */

/* Begin PBXSourcesBuildPhase section */
		1BDE52541EE4EB76007E81E7 /* Sources */ = {
			isa = PBXSourcesBuildPhase;
			buildActionMask = 2147483647;
			files = (
				1BDE525E1EE4EB76007E81E7 /* ViewController.swift in Sources */,
				1BDE525C1EE4EB76007E81E7 /* AppDelegate.swift in Sources */,
			);
			runOnlyForDeploymentPostprocessing = 0;
		};
		1BDE52681EE4EB76007E81E7 /* Sources */ = {
			isa = PBXSourcesBuildPhase;
			buildActionMask = 2147483647;
			files = (
				1BDE52711EE4EB76007E81E7 /* _______Tests.swift in Sources */,
			);
			runOnlyForDeploymentPostprocessing = 0;
		};
		1BDE52731EE4EB77007E81E7 /* Sources */ = {
			isa = PBXSourcesBuildPhase;
			buildActionMask = 2147483647;
			files = (
				1BDE527C1EE4EB77007E81E7 /* _______UITests.swift in Sources */,
			);
			runOnlyForDeploymentPostprocessing = 0;
		};
/* End PBXSourcesBuildPhase section */

/* Begin PBXTargetDependency section */
		1BDE526E1EE4EB76007E81E7 /* PBXTargetDependency */ = {
			isa = PBXTargetDependency;
			target = 1BDE52571EE4EB76007E81E7 /* 关于贝塞尔曲线 */;
			targetProxy = 1BDE526D1EE4EB76007E81E7 /* PBXContainerItemProxy */;
		};
		1BDE52791EE4EB77007E81E7 /* PBXTargetDependency */ = {
			isa = PBXTargetDependency;
			target = 1BDE52571EE4EB76007E81E7 /* 关于贝塞尔曲线 */;
			targetProxy = 1BDE52781EE4EB77007E81E7 /* PBXContainerItemProxy */;
		};
/* End PBXTargetDependency section */

/* Begin PBXVariantGroup section */
		1BDE525F1EE4EB76007E81E7 /* Main.storyboard */ = {
			isa = PBXVariantGroup;
			children = (
				1BDE52601EE4EB76007E81E7 /* Base */,
			);
			name = Main.storyboard;
			sourceTree = "<group>";
		};
		1BDE52641EE4EB76007E81E7 /* LaunchScreen.storyboard */ = {
			isa = PBXVariantGroup;
			children = (
				1BDE52651EE4EB76007E81E7 /* Base */,
			);
			name = LaunchScreen.storyboard;
			sourceTree = "<group>";
		};
/* End PBXVariantGroup section */

/* Begin XCBuildConfiguration section */
		1BDE527E1EE4EB77007E81E7 /* Debug */ = {
			isa = XCBuildConfiguration;
			buildSettings = {
				ALWAYS_SEARCH_USER_PATHS = NO;
				CLANG_ANALYZER_NONNULL = YES;
				CLANG_CXX_LANGUAGE_STANDARD = "gnu++0x";
				CLANG_CXX_LIBRARY = "libc++";
				CLANG_ENABLE_MODULES = YES;
				CLANG_ENABLE_OBJC_ARC = YES;
				CLANG_WARN_BOOL_CONVERSION = YES;
				CLANG_WARN_CONSTANT_CONVERSION = YES;
				CLANG_WARN_DIRECT_OBJC_ISA_USAGE = YES_ERROR;
				CLANG_WARN_DOCUMENTATION_COMMENTS = YES;
				CLANG_WARN_EMPTY_BODY = YES;
				CLANG_WARN_ENUM_CONVERSION = YES;
				CLANG_WARN_INFINITE_RECURSION = YES;
				CLANG_WARN_INT_CONVERSION = YES;
				CLANG_WARN_OBJC_ROOT_CLASS = YES_ERROR;
				CLANG_WARN_SUSPICIOUS_MOVE = YES;
				CLANG_WARN_UNREACHABLE_CODE = YES;
				CLANG_WARN__DUPLICATE_METHOD_MATCH = YES;
				"CODE_SIGN_IDENTITY[sdk=iphoneos*]" = "iPhone Developer";
				COPY_PHASE_STRIP = NO;
				DEBUG_INFORMATION_FORMAT = dwarf;
				ENABLE_STRICT_OBJC_MSGSEND = YES;
				ENABLE_TESTABILITY = YES;
				GCC_C_LANGUAGE_STANDARD = gnu99;
				GCC_DYNAMIC_NO_PIC = NO;
				GCC_NO_COMMON_BLOCKS = YES;
				GCC_OPTIMIZATION_LEVEL = 0;
				GCC_PREPROCESSOR_DEFINITIONS = (
					"DEBUG=1",
					"$(inherited)",
				);
				GCC_WARN_64_TO_32_BIT_CONVERSION = YES;
				GCC_WARN_ABOUT_RETURN_TYPE = YES_ERROR;
				GCC_WARN_UNDECLARED_SELECTOR = YES;
				GCC_WARN_UNINITIALIZED_AUTOS = YES_AGGRESSIVE;
				GCC_WARN_UNUSED_FUNCTION = YES;
				GCC_WARN_UNUSED_VARIABLE = YES;
				IPHONEOS_DEPLOYMENT_TARGET = 10.2;
				MTL_ENABLE_DEBUG_INFO = YES;
				ONLY_ACTIVE_ARCH = YES;
				SDKROOT = iphoneos;
				SWIFT_ACTIVE_COMPILATION_CONDITIONS = DEBUG;
				SWIFT_OPTIMIZATION_LEVEL = "-Onone";
			};
			name = Debug;
		};
		1BDE527F1EE4EB77007E81E7 /* Release */ = {
			isa = XCBuildConfiguration;
			buildSettings = {
				ALWAYS_SEARCH_USER_PATHS = NO;
				CLANG_ANALYZER_NONNULL = YES;
				CLANG_CXX_LANGUAGE_STANDARD = "gnu++0x";
				CLANG_CXX_LIBRARY = "libc++";
				CLANG_ENABLE_MODULES = YES;
				CLANG_ENABLE_OBJC_ARC = YES;
				CLANG_WARN_BOOL_CONVERSION = YES;
				CLANG_WARN_CONSTANT_CONVERSION = YES;
				CLANG_WARN_DIRECT_OBJC_ISA_USAGE = YES_ERROR;
				CLANG_WARN_DOCUMENTATION_COMMENTS = YES;
				CLANG_WARN_EMPTY_BODY = YES;
				CLANG_WARN_ENUM_CONVERSION = YES;
				CLANG_WARN_INFINITE_RECURSION = YES;
				CLANG_WARN_INT_CONVERSION = YES;
				CLANG_WARN_OBJC_ROOT_CLASS = YES_ERROR;
				CLANG_WARN_SUSPICIOUS_MOVE = YES;
				CLANG_WARN_UNREACHABLE_CODE = YES;
				CLANG_WARN__DUPLICATE_METHOD_MATCH = YES;
				"CODE_SIGN_IDENTITY[sdk=iphoneos*]" = "iPhone Developer";
				COPY_PHASE_STRIP = NO;
				DEBUG_INFORMATION_FORMAT = "dwarf-with-dsym";
				ENABLE_NS_ASSERTIONS = NO;
				ENABLE_STRICT_OBJC_MSGSEND = YES;
				GCC_C_LANGUAGE_STANDARD = gnu99;
				GCC_NO_COMMON_BLOCKS = YES;
				GCC_WARN_64_TO_32_BIT_CONVERSION = YES;
				GCC_WARN_ABOUT_RETURN_TYPE = YES_ERROR;
				GCC_WARN_UNDECLARED_SELECTOR = YES;
				GCC_WARN_UNINITIALIZED_AUTOS = YES_AGGRESSIVE;
				GCC_WARN_UNUSED_FUNCTION = YES;
				GCC_WARN_UNUSED_VARIABLE = YES;
				IPHONEOS_DEPLOYMENT_TARGET = 10.2;
				MTL_ENABLE_DEBUG_INFO = NO;
				SDKROOT = iphoneos;
				SWIFT_OPTIMIZATION_LEVEL = "-Owholemodule";
				VALIDATE_PRODUCT = YES;
			};
			name = Release;
		};
		1BDE52811EE4EB77007E81E7 /* Debug */ = {
			isa = XCBuildConfiguration;
			buildSettings = {
				ASSETCATALOG_COMPILER_APPICON_NAME = AppIcon;
				DEVELOPMENT_TEAM = PD6H97QKA5;
				INFOPLIST_FILE = "关于贝塞尔曲线/Info.plist";
				LD_RUNPATH_SEARCH_PATHS = "$(inherited) @executable_path/Frameworks";
				PRODUCT_BUNDLE_IDENTIFIER = "com.besttone.-------";
				PRODUCT_NAME = "$(TARGET_NAME)";
				SWIFT_VERSION = 3.0;
			};
			name = Debug;
		};
		1BDE52821EE4EB77007E81E7 /* Release */ = {
			isa = XCBuildConfiguration;
			buildSettings = {
				ASSETCATALOG_COMPILER_APPICON_NAME = AppIcon;
				DEVELOPMENT_TEAM = PD6H97QKA5;
				INFOPLIST_FILE = "关于贝塞尔曲线/Info.plist";
				LD_RUNPATH_SEARCH_PATHS = "$(inherited) @executable_path/Frameworks";
				PRODUCT_BUNDLE_IDENTIFIER = "com.besttone.-------";
				PRODUCT_NAME = "$(TARGET_NAME)";
				SWIFT_VERSION = 3.0;
			};
			name = Release;
		};
		1BDE52841EE4EB77007E81E7 /* Debug */ = {
			isa = XCBuildConfiguration;
			buildSettings = {
				ALWAYS_EMBED_SWIFT_STANDARD_LIBRARIES = YES;
				BUNDLE_LOADER = "$(TEST_HOST)";
				DEVELOPMENT_TEAM = PD6H97QKA5;
				INFOPLIST_FILE = "关于贝塞尔曲线Tests/Info.plist";
				LD_RUNPATH_SEARCH_PATHS = "$(inherited) @executable_path/Frameworks @loader_path/Frameworks";
				PRODUCT_BUNDLE_IDENTIFIER = "com.besttone.-------Tests";
				PRODUCT_NAME = "$(TARGET_NAME)";
				SWIFT_VERSION = 3.0;
				TEST_HOST = "$(BUILT_PRODUCTS_DIR)/关于贝塞尔曲线.app/关于贝塞尔曲线";
			};
			name = Debug;
		};
		1BDE52851EE4EB77007E81E7 /* Release */ = {
			isa = XCBuildConfiguration;
			buildSettings = {
				ALWAYS_EMBED_SWIFT_STANDARD_LIBRARIES = YES;
				BUNDLE_LOADER = "$(TEST_HOST)";
				DEVELOPMENT_TEAM = PD6H97QKA5;
				INFOPLIST_FILE = "关于贝塞尔曲线Tests/Info.plist";
				LD_RUNPATH_SEARCH_PATHS = "$(inherited) @executable_path/Frameworks @loader_path/Frameworks";
				PRODUCT_BUNDLE_IDENTIFIER = "com.besttone.-------Tests";
				PRODUCT_NAME = "$(TARGET_NAME)";
				SWIFT_VERSION = 3.0;
				TEST_HOST = "$(BUILT_PRODUCTS_DIR)/关于贝塞尔曲线.app/关于贝塞尔曲线";
			};
			name = Release;
		};
		1BDE52871EE4EB77007E81E7 /* Debug */ = {
			isa = XCBuildConfiguration;
			buildSettings = {
				ALWAYS_EMBED_SWIFT_STANDARD_LIBRARIES = YES;
				DEVELOPMENT_TEAM = PD6H97QKA5;
				INFOPLIST_FILE = "关于贝塞尔曲线UITests/Info.plist";
				LD_RUNPATH_SEARCH_PATHS = "$(inherited) @executable_path/Frameworks @loader_path/Frameworks";
				PRODUCT_BUNDLE_IDENTIFIER = "com.besttone.-------UITests";
				PRODUCT_NAME = "$(TARGET_NAME)";
				SWIFT_VERSION = 3.0;
				TEST_TARGET_NAME = "关于贝塞尔曲线";
			};
			name = Debug;
		};
		1BDE52881EE4EB77007E81E7 /* Release */ = {
			isa = XCBuildConfiguration;
			buildSettings = {
				ALWAYS_EMBED_SWIFT_STANDARD_LIBRARIES = YES;
				DEVELOPMENT_TEAM = PD6H97QKA5;
				INFOPLIST_FILE = "关于贝塞尔曲线UITests/Info.plist";
				LD_RUNPATH_SEARCH_PATHS = "$(inherited) @executable_path/Frameworks @loader_path/Frameworks";
				PRODUCT_BUNDLE_IDENTIFIER = "com.besttone.-------UITests";
				PRODUCT_NAME = "$(TARGET_NAME)";
				SWIFT_VERSION = 3.0;
				TEST_TARGET_NAME = "关于贝塞尔曲线";
			};
			name = Release;
		};
/* End XCBuildConfiguration section */

/* Begin XCConfigurationList section */
		1BDE52531EE4EB76007E81E7 /* Build configuration list for PBXProject "关于贝塞尔曲线" */ = {
			isa = XCConfigurationList;
			buildConfigurations = (
				1BDE527E1EE4EB77007E81E7 /* Debug */,
				1BDE527F1EE4EB77007E81E7 /* Release */,
			);
			defaultConfigurationIsVisible = 0;
			defaultConfigurationName = Release;
		};
		1BDE52801EE4EB77007E81E7 /* Build configuration list for PBXNativeTarget "关于贝塞尔曲线" */ = {
			isa = XCConfigurationList;
			buildConfigurations = (
				1BDE52811EE4EB77007E81E7 /* Debug */,
				1BDE52821EE4EB77007E81E7 /* Release */,
			);
			defaultConfigurationIsVisible = 0;
		};
		1BDE52831EE4EB77007E81E7 /* Build configuration list for PBXNativeTarget "关于贝塞尔曲线Tests" */ = {
			isa = XCConfigurationList;
			buildConfigurations = (
				1BDE52841EE4EB77007E81E7 /* Debug */,
				1BDE52851EE4EB77007E81E7 /* Release */,
			);
			defaultConfigurationIsVisible = 0;
		};
		1BDE52861EE4EB77007E81E7 /* Build configuration list for PBXNativeTarget "关于贝塞尔曲线UITests" */ = {
			isa = XCConfigurationList;
			buildConfigurations = (
				1BDE52871EE4EB77007E81E7 /* Debug */,
				1BDE52881EE4EB77007E81E7 /* Release */,
			);
			defaultConfigurationIsVisible = 0;
		};
/* End XCConfigurationList section */
	};
	rootObject = 1BDE52501EE4EB76007E81E7 /* Project object */;
}
